
Microsoft Visual Studio Solution File, Format Version 12.00
# Visual Studio Version 17
VisualStudioVersion = 17.2.32616.157
MinimumVisualStudioVersion = 10.0.40219.1
Project("{FAE04EC0-301F-11D3-BF4B-00C04F79EFBC}") = "InvestmentApi", "InvestmentApi.csproj", "{EF4BF46C-B5A7-4C6A-A09E-37350689D624}"
EndProject
Global
	GlobalSection(SolutionConfigurationPlatforms) = preSolution
		Debug|Any CPU = Debug|Any CPU
		Release|Any CPU = Release|Any CPU
	EndGlobalSection
	GlobalSection(ProjectConfigurationPlatforms) = postSolution
		{EF4BF46C-B5A7-4C6A-A09E-37350689D624}.Debug|Any CPU.ActiveCfg = Debug|Any CPU
		{EF4BF46C-B5A7-4C6A-A09E-37350689D624}.Debug|Any CPU.Build.0 = Debug|Any CPU
		{EF4BF46C-B5A7-4C6A-A09E-37350689D624}.Release|Any CPU.ActiveCfg = Release|Any CPU
		{EF4BF46C-B5A7-4C6A-A09E-37350689D624}.Release|Any CPU.Build.0 = Release|Any CPU
	EndGlobalSection
	GlobalSection(SolutionProperties) = preSolution
		HideSolutionNode = FALSE
	EndGlobalSection
	GlobalSection(ExtensibilityGlobals) = postSolution
		SolutionGuid = {D41AD95D-5725-4C47-AA26-3826AC221A21}
	EndGlobalSection
EndGlobal
